
Microsoft Visual Studio Solution File, Format Version 12.00
Project("{2150E333-8FDC-42A3-9474-1A3956D46DE8}") = "src", "src", "{C0B45753-8B19-456C-AADD-9C391ED4C1CA}"
EndProject
Project("{FAE04EC0-301F-11D3-BF4B-00C04F79EFBC}") = "WeatherApi", "src\WeatherApi\WeatherApi.csproj", "{F23AE437-BC54-4BE0-B93E-E49805129467}"
EndProject
Project("{FAE04EC0-301F-11D3-BF4B-00C04F79EFBC}") = "WeatherClientLib", "src\WeatherClientLib\WeatherClientLib.csproj", "{9BE355A5-6964-49B5-8548-1D94E0C27902}"
EndProject
Project("{FAE04EC0-301F-11D3-BF4B-00C04F79EFBC}") = "WinFormsClient", "src\WinFormsFxClient\WinFormsClient.csproj", "{5549BCD6-A213-463D-8E66-714001D974E1}"
EndProject
Project("{FAE04EC0-301F-11D3-BF4B-00C04F79EFBC}") = "WeatherConsoleApp", "src\WeatherConsoleApp\WeatherConsoleApp.csproj", "{82BE5F33-2187-4A5A-A2EA-B86998DBD2C5}"
EndProject
Project("{FAE04EC0-301F-11D3-BF4B-00C04F79EFBC}") = "BlazorWeather.Core", "src\BlazorWeather.Core\BlazorWeather.Core.csproj", "{58CA498A-1CDD-4A33-919A-610B1BE1BFCE}"
EndProject
Project("{FAE04EC0-301F-11D3-BF4B-00C04F79EFBC}") = "BlazorWeather.Server", "src\BlazorWeather.Server\BlazorWeather.Server.csproj", "{349AC89B-3D9A-49D8-8C27-0BF295CCAB31}"
EndProject
Global
	GlobalSection(SolutionConfigurationPlatforms) = preSolution
		Debug|Any CPU = Debug|Any CPU
		Release|Any CPU = Release|Any CPU
	EndGlobalSection
	GlobalSection(NestedProjects) = preSolution
		{F23AE437-BC54-4BE0-B93E-E49805129467} = {C0B45753-8B19-456C-AADD-9C391ED4C1CA}
		{9BE355A5-6964-49B5-8548-1D94E0C27902} = {C0B45753-8B19-456C-AADD-9C391ED4C1CA}
		{5549BCD6-A213-463D-8E66-714001D974E1} = {C0B45753-8B19-456C-AADD-9C391ED4C1CA}
		{82BE5F33-2187-4A5A-A2EA-B86998DBD2C5} = {C0B45753-8B19-456C-AADD-9C391ED4C1CA}
		{58CA498A-1CDD-4A33-919A-610B1BE1BFCE} = {C0B45753-8B19-456C-AADD-9C391ED4C1CA}
		{349AC89B-3D9A-49D8-8C27-0BF295CCAB31} = {C0B45753-8B19-456C-AADD-9C391ED4C1CA}
	EndGlobalSection
	GlobalSection(ProjectConfigurationPlatforms) = postSolution
		{F23AE437-BC54-4BE0-B93E-E49805129467}.Debug|Any CPU.ActiveCfg = Debug|Any CPU
		{F23AE437-BC54-4BE0-B93E-E49805129467}.Debug|Any CPU.Build.0 = Debug|Any CPU
		{F23AE437-BC54-4BE0-B93E-E49805129467}.Release|Any CPU.ActiveCfg = Release|Any CPU
		{F23AE437-BC54-4BE0-B93E-E49805129467}.Release|Any CPU.Build.0 = Release|Any CPU
		{9BE355A5-6964-49B5-8548-1D94E0C27902}.Debug|Any CPU.ActiveCfg = Debug|Any CPU
		{9BE355A5-6964-49B5-8548-1D94E0C27902}.Debug|Any CPU.Build.0 = Debug|Any CPU
		{9BE355A5-6964-49B5-8548-1D94E0C27902}.Release|Any CPU.ActiveCfg = Release|Any CPU
		{9BE355A5-6964-49B5-8548-1D94E0C27902}.Release|Any CPU.Build.0 = Release|Any CPU
		{5549BCD6-A213-463D-8E66-714001D974E1}.Debug|Any CPU.ActiveCfg = Debug|Any CPU
		{5549BCD6-A213-463D-8E66-714001D974E1}.Debug|Any CPU.Build.0 = Debug|Any CPU
		{5549BCD6-A213-463D-8E66-714001D974E1}.Release|Any CPU.ActiveCfg = Release|Any CPU
		{5549BCD6-A213-463D-8E66-714001D974E1}.Release|Any CPU.Build.0 = Release|Any CPU
		{82BE5F33-2187-4A5A-A2EA-B86998DBD2C5}.Debug|Any CPU.ActiveCfg = Debug|Any CPU
		{82BE5F33-2187-4A5A-A2EA-B86998DBD2C5}.Debug|Any CPU.Build.0 = Debug|Any CPU
		{82BE5F33-2187-4A5A-A2EA-B86998DBD2C5}.Release|Any CPU.ActiveCfg = Release|Any CPU
		{82BE5F33-2187-4A5A-A2EA-B86998DBD2C5}.Release|Any CPU.Build.0 = Release|Any CPU
		{58CA498A-1CDD-4A33-919A-610B1BE1BFCE}.Debug|Any CPU.ActiveCfg = Debug|Any CPU
		{58CA498A-1CDD-4A33-919A-610B1BE1BFCE}.Debug|Any CPU.Build.0 = Debug|Any CPU
		{58CA498A-1CDD-4A33-919A-610B1BE1BFCE}.Release|Any CPU.ActiveCfg = Release|Any CPU
		{58CA498A-1CDD-4A33-919A-610B1BE1BFCE}.Release|Any CPU.Build.0 = Release|Any CPU
		{349AC89B-3D9A-49D8-8C27-0BF295CCAB31}.Debug|Any CPU.ActiveCfg = Debug|Any CPU
		{349AC89B-3D9A-49D8-8C27-0BF295CCAB31}.Debug|Any CPU.Build.0 = Debug|Any CPU
		{349AC89B-3D9A-49D8-8C27-0BF295CCAB31}.Release|Any CPU.ActiveCfg = Release|Any CPU
		{349AC89B-3D9A-49D8-8C27-0BF295CCAB31}.Release|Any CPU.Build.0 = Release|Any CPU
	EndGlobalSection
EndGlobal
